
Microsoft Visual Studio Solution File, Format Version 12.00
# Visual Studio 15
VisualStudioVersion = 15.0.27130.2020
MinimumVisualStudioVersion = 10.0.40219.1
Project("{FAE04EC0-301F-11D3-BF4B-00C04F79EFBC}") = "BinarySearch", "BinarySearch\BinarySearch.csproj", "{86959031-46C2-4C2C-9D5A-21BB9BE18F01}"
EndProject
Global
	GlobalSection(SolutionConfigurationPlatforms) = preSolution
		Debug|Any CPU = Debug|Any CPU
		Release|Any CPU = Release|Any CPU
	EndGlobalSection
	GlobalSection(ProjectConfigurationPlatforms) = postSolution
		{86959031-46C2-4C2C-9D5A-21BB9BE18F01}.Debug|Any CPU.ActiveCfg = Debug|Any CPU
		{86959031-46C2-4C2C-9D5A-21BB9BE18F01}.Debug|Any CPU.Build.0 = Debug|Any CPU
		{86959031-46C2-4C2C-9D5A-21BB9BE18F01}.Release|Any CPU.ActiveCfg = Release|Any CPU
		{86959031-46C2-4C2C-9D5A-21BB9BE18F01}.Release|Any CPU.Build.0 = Release|Any CPU
	EndGlobalSection
	GlobalSection(SolutionProperties) = preSolution
		HideSolutionNode = FALSE
	EndGlobalSection
	GlobalSection(ExtensibilityGlobals) = postSolution
		SolutionGuid = {733E1CE4-DDE1-435C-9822-23D263A95070}
	EndGlobalSection
EndGlobal
